// !$*UTF8*$!
{
	archiveVersion = 1;
	classes = {
	};
	objectVersion = 46;
	objects = {

/* Begin PBXBuildFile section */
		A9BB94AD1BFBC44D00055469 /* AppDelegate.m in Sources */ = {isa = PBXBuildFile; fileRef = A9BB94AC1BFBC44D00055469 /* AppDelegate.m */; };
		A9BB94B01BFBC44D00055469 /* main.m in Sources */ = {isa = PBXBuildFile; fileRef = A9BB94AF1BFBC44D00055469 /* main.m */; };
		A9BB94B21BFBC44D00055469 /* Assets.xcassets in Resources */ = {isa = PBXBuildFile; fileRef = A9BB94B11BFBC44D00055469 /* Assets.xcassets */; };
		A9BB94B51BFBC44D00055469 /* MainMenu.xib in Resources */ = {isa = PBXBuildFile; fileRef = A9BB94B31BFBC44D00055469 /* MainMenu.xib */; };
/* End PBXBuildFile section */

/* Begin PBXFileReference section */
		A9BB94A81BFBC44D00055469 /* Workflowy.app */ = {isa = PBXFileReference; explicitFileType = wrapper.application; includeInIndex = 0; path = Workflowy.app; sourceTree = BUILT_PRODUCTS_DIR; };
		A9BB94AB1BFBC44D00055469 /* AppDelegate.h */ = {isa = PBXFileReference; lastKnownFileType = sourcecode.c.h; path = AppDelegate.h; sourceTree = "<group>"; };
		A9BB94AC1BFBC44D00055469 /* AppDelegate.m */ = {isa = PBXFileReference; lastKnownFileType = sourcecode.c.objc; path = AppDelegate.m; sourceTree = "<group>"; };
		A9BB94AF1BFBC44D00055469 /* main.m */ = {isa = PBXFileReference; lastKnownFileType = sourcecode.c.objc; path = main.m; sourceTree = "<group>"; };
		A9BB94B11BFBC44D00055469 /* Assets.xcassets */ = {isa = PBXFileReference; lastKnownFileType = folder.assetcatalog; path = Assets.xcassets; sourceTree = "<group>"; };
		A9BB94B41BFBC44D00055469 /* Base */ = {isa = PBXFileReference; lastKnownFileType = file.xib; name = Base; path = Base.lproj/MainMenu.xib; sourceTree = "<group>"; };
		A9BB94B61BFBC44D00055469 /* Info.plist */ = {isa = PBXFileReference; lastKnownFileType = text.plist.xml; path = Info.plist; sourceTree = "<group>"; };
/* End PBXFileReference section */

/* Begin PBXFrameworksBuildPhase section */
		A9BB94A51BFBC44D00055469 /* Frameworks */ = {
			isa = PBXFrameworksBuildPhase;
			buildActionMask = 2147483647;
			files = (
			);
			runOnlyForDeploymentPostprocessing = 0;
		};
/* End PBXFrameworksBuildPhase section */

/* Begin PBXGroup section */
		A9BB949F1BFBC44D00055469 = {
			isa = PBXGroup;
			children = (
				A9BB94AA1BFBC44D00055469 /* Workflowy */,
				A9BB94A91BFBC44D00055469 /* Products */,
			);
			sourceTree = "<group>";
		};
		A9BB94A91BFBC44D00055469 /* Products */ = {
			isa = PBXGroup;
			children = (
				A9BB94A81BFBC44D00055469 /* Workflowy.app */,
			);
			name = Products;
			sourceTree = "<group>";
		};
		A9BB94AA1BFBC44D00055469 /* Workflowy */ = {
			isa = PBXGroup;
			children = (
				A9BB94AB1BFBC44D00055469 /* AppDelegate.h */,
				A9BB94AC1BFBC44D00055469 /* AppDelegate.m */,
				A9BB94B11BFBC44D00055469 /* Assets.xcassets */,
				A9BB94B31BFBC44D00055469 /* MainMenu.xib */,
				A9BB94B61BFBC44D00055469 /* Info.plist */,
				A9BB94AE1BFBC44D00055469 /* Supporting Files */,
			);
			path = Workflowy;
			sourceTree = "<group>";
		};
		A9BB94AE1BFBC44D00055469 /* Supporting Files */ = {
			isa = PBXGroup;
			children = (
				A9BB94AF1BFBC44D00055469 /* main.m */,
			);
			name = "Supporting Files";
			sourceTree = "<group>";
		};
/* End PBXGroup section */

/* Begin PBXNativeTarget section */
		A9BB94A71BFBC44D00055469 /* Workflowy */ = {
			isa = PBXNativeTarget;
			buildConfigurationList = A9BB94B91BFBC44D00055469 /* Build configuration list for PBXNativeTarget "Workflowy" */;
			buildPhases = (
				A9BB94A41BFBC44D00055469 /* Sources */,
				A9BB94A51BFBC44D00055469 /* Frameworks */,
				A9BB94A61BFBC44D00055469 /* Resources */,
			);
			buildRules = (
			);
			dependencies = (
			);
			name = Workflowy;
			productName = Workflowy;
			productReference = A9BB94A81BFBC44D00055469 /* Workflowy.app */;
			productType = "com.apple.product-type.application";
		};
/* End PBXNativeTarget section */

/* Begin PBXProject section */
		A9BB94A01BFBC44D00055469 /* Project object */ = {
			isa = PBXProject;
			attributes = {
				LastUpgradeCheck = 0710;
				ORGANIZATIONNAME = "Apps Ezy";
				TargetAttributes = {
					A9BB94A71BFBC44D00055469 = {
						CreatedOnToolsVersion = 7.1.1;
					};
				};
			};
			buildConfigurationList = A9BB94A31BFBC44D00055469 /* Build configuration list for PBXProject "Workflowy" */;
			compatibilityVersion = "Xcode 3.2";
			developmentRegion = English;
			hasScannedForEncodings = 0;
			knownRegions = (
				en,
				Base,
			);
			mainGroup = A9BB949F1BFBC44D00055469;
			productRefGroup = A9BB94A91BFBC44D00055469 /* Products */;
			projectDirPath = "";
			projectRoot = "";
			targets = (
				A9BB94A71BFBC44D00055469 /* Workflowy */,
			);
		};
/* End PBXProject section */

/* Begin PBXResourcesBuildPhase section */
		A9BB94A61BFBC44D00055469 /* Resources */ = {
			isa = PBXResourcesBuildPhase;
			buildActionMask = 2147483647;
			files = (
				A9BB94B21BFBC44D00055469 /* Assets.xcassets in Resources */,
				A9BB94B51BFBC44D00055469 /* MainMenu.xib in Resources */,
			);
			runOnlyForDeploymentPostprocessing = 0;
		};
/* End PBXResourcesBuildPhase section */

/* Begin PBXSourcesBuildPhase section */
		A9BB94A41BFBC44D00055469 /* Sources */ = {
			isa = PBXSourcesBuildPhase;
			buildActionMask = 2147483647;
			files = (
				A9BB94B01BFBC44D00055469 /* main.m in Sources */,
				A9BB94AD1BFBC44D00055469 /* AppDelegate.m in Sources */,
			);
			runOnlyForDeploymentPostprocessing = 0;
		};
/* End PBXSourcesBuildPhase section */

/* Begin PBXVariantGroup section */
		A9BB94B31BFBC44D00055469 /* MainMenu.xib */ = {
			isa = PBXVariantGroup;
			children = (
				A9BB94B41BFBC44D00055469 /* Base */,
			);
			name = MainMenu.xib;
			sourceTree = "<group>";
		};
/* End PBXVariantGroup section */

/* Begin XCBuildConfiguration section */
		A9BB94B71BFBC44D00055469 /* Debug */ = {
			isa = XCBuildConfiguration;
			buildSettings = {
				ALWAYS_SEARCH_USER_PATHS = NO;
				CLANG_CXX_LANGUAGE_STANDARD = "gnu++0x";
				CLANG_CXX_LIBRARY = "libc++";
				CLANG_ENABLE_MODULES = YES;
				CLANG_ENABLE_OBJC_ARC = YES;
				CLANG_WARN_BOOL_CONVERSION = YES;
				CLANG_WARN_CONSTANT_CONVERSION = YES;
				CLANG_WARN_DIRECT_OBJC_ISA_USAGE = YES_ERROR;
				CLANG_WARN_EMPTY_BODY = YES;
				CLANG_WARN_ENUM_CONVERSION = YES;
				CLANG_WARN_INT_CONVERSION = YES;
				CLANG_WARN_OBJC_ROOT_CLASS = YES_ERROR;
				CLANG_WARN_UNREACHABLE_CODE = YES;
				CLANG_WARN__DUPLICATE_METHOD_MATCH = YES;
				CODE_SIGN_IDENTITY = "-";
				COPY_PHASE_STRIP = NO;
				DEBUG_INFORMATION_FORMAT = dwarf;
				ENABLE_STRICT_OBJC_MSGSEND = YES;
				ENABLE_TESTABILITY = YES;
				GCC_C_LANGUAGE_STANDARD = gnu99;
				GCC_DYNAMIC_NO_PIC = NO;
				GCC_NO_COMMON_BLOCKS = YES;
				GCC_OPTIMIZATION_LEVEL = 0;
				GCC_PREPROCESSOR_DEFINITIONS = (
					"DEBUG=1",
					"$(inherited)",
				);
				GCC_WARN_64_TO_32_BIT_CONVERSION = YES;
				GCC_WARN_ABOUT_RETURN_TYPE = YES_ERROR;
				GCC_WARN_UNDECLARED_SELECTOR = YES;
				GCC_WARN_UNINITIALIZED_AUTOS = YES_AGGRESSIVE;
				GCC_WARN_UNUSED_FUNCTION = YES;
				GCC_WARN_UNUSED_VARIABLE = YES;
				MACOSX_DEPLOYMENT_TARGET = 10.11;
				MTL_ENABLE_DEBUG_INFO = YES;
				ONLY_ACTIVE_ARCH = YES;
				SDKROOT = macosx;
			};
			name = Debug;
		};
		A9BB94B81BFBC44D00055469 /* Release */ = {
			isa = XCBuildConfiguration;
			buildSettings = {
				ALWAYS_SEARCH_USER_PATHS = NO;
				CLANG_CXX_LANGUAGE_STANDARD = "gnu++0x";
				CLANG_CXX_LIBRARY = "libc++";
				CLANG_ENABLE_MODULES = YES;
				CLANG_ENABLE_OBJC_ARC = YES;
				CLANG_WARN_BOOL_CONVERSION = YES;
				CLANG_WARN_CONSTANT_CONVERSION = YES;
				CLANG_WARN_DIRECT_OBJC_ISA_USAGE = YES_ERROR;
				CLANG_WARN_EMPTY_BODY = YES;
				CLANG_WARN_ENUM_CONVERSION = YES;
				CLANG_WARN_INT_CONVERSION = YES;
				CLANG_WARN_OBJC_ROOT_CLASS = YES_ERROR;
				CLANG_WARN_UNREACHABLE_CODE = YES;
				CLANG_WARN__DUPLICATE_METHOD_MATCH = YES;
				CODE_SIGN_IDENTITY = "-";
				COPY_PHASE_STRIP = NO;
				DEBUG_INFORMATION_FORMAT = "dwarf-with-dsym";
				ENABLE_NS_ASSERTIONS = NO;
				ENABLE_STRICT_OBJC_MSGSEND = YES;
				GCC_C_LANGUAGE_STANDARD = gnu99;
				GCC_NO_COMMON_BLOCKS = YES;
				GCC_WARN_64_TO_32_BIT_CONVERSION = YES;
				GCC_WARN_ABOUT_RETURN_TYPE = YES_ERROR;
				GCC_WARN_UNDECLARED_SELECTOR = YES;
				GCC_WARN_UNINITIALIZED_AUTOS = YES_AGGRESSIVE;
				GCC_WARN_UNUSED_FUNCTION = YES;
				GCC_WARN_UNUSED_VARIABLE = YES;
				MACOSX_DEPLOYMENT_TARGET = 10.11;
				MTL_ENABLE_DEBUG_INFO = NO;
				SDKROOT = macosx;
			};
			name = Release;
		};
		A9BB94BA1BFBC44D00055469 /* Debug */ = {
			isa = XCBuildConfiguration;
			buildSettings = {
				ASSETCATALOG_COMPILER_APPICON_NAME = AppIcon;
				COMBINE_HIDPI_IMAGES = YES;
				INFOPLIST_FILE = Workflowy/Info.plist;
				LD_RUNPATH_SEARCH_PATHS = "$(inherited) @executable_path/../Frameworks";
				PRODUCT_BUNDLE_IDENTIFIER = com.appsezy.Workflowy;
				PRODUCT_NAME = "$(TARGET_NAME)";
			};
			name = Debug;
		};
		A9BB94BB1BFBC44D00055469 /* Release */ = {
			isa = XCBuildConfiguration;
			buildSettings = {
				ASSETCATALOG_COMPILER_APPICON_NAME = AppIcon;
				COMBINE_HIDPI_IMAGES = YES;
				INFOPLIST_FILE = Workflowy/Info.plist;
				LD_RUNPATH_SEARCH_PATHS = "$(inherited) @executable_path/../Frameworks";
				PRODUCT_BUNDLE_IDENTIFIER = com.appsezy.Workflowy;
				PRODUCT_NAME = "$(TARGET_NAME)";
			};
			name = Release;
		};
/* End XCBuildConfiguration section */

/* Begin XCConfigurationList section */
		A9BB94A31BFBC44D00055469 /* Build configuration list for PBXProject "Workflowy" */ = {
			isa = XCConfigurationList;
			buildConfigurations = (
				A9BB94B71BFBC44D00055469 /* Debug */,
				A9BB94B81BFBC44D00055469 /* Release */,
			);
			defaultConfigurationIsVisible = 0;
			defaultConfigurationName = Release;
		};
		A9BB94B91BFBC44D00055469 /* Build configuration list for PBXNativeTarget "Workflowy" */ = {
			isa = XCConfigurationList;
			buildConfigurations = (
				A9BB94BA1BFBC44D00055469 /* Debug */,
				A9BB94BB1BFBC44D00055469 /* Release */,
			);
			defaultConfigurationIsVisible = 0;
		};
/* End XCConfigurationList section */
	};
	rootObject = A9BB94A01BFBC44D00055469 /* Project object */;
}
